
Microsoft Visual Studio Solution File, Format Version 12.00
# Visual Studio Version 16
VisualStudioVersion = 16.0.31911.196
MinimumVisualStudioVersion = 10.0.40219.1
Project("{FAE04EC0-301F-11D3-BF4B-00C04F79EFBC}") = "KauppaListaApi", "KauppaListaApi\KauppaListaApi.csproj", "{843CB43D-3C4A-4B07-ABB3-9812FAD4064E}"
EndProject
Global
	GlobalSection(SolutionConfigurationPlatforms) = preSolution
		Debug|Any CPU = Debug|Any CPU
		Release|Any CPU = Release|Any CPU
	EndGlobalSection
	GlobalSection(ProjectConfigurationPlatforms) = postSolution
		{843CB43D-3C4A-4B07-ABB3-9812FAD4064E}.Debug|Any CPU.ActiveCfg = Debug|Any CPU
		{843CB43D-3C4A-4B07-ABB3-9812FAD4064E}.Debug|Any CPU.Build.0 = Debug|Any CPU
		{843CB43D-3C4A-4B07-ABB3-9812FAD4064E}.Release|Any CPU.ActiveCfg = Release|Any CPU
		{843CB43D-3C4A-4B07-ABB3-9812FAD4064E}.Release|Any CPU.Build.0 = Release|Any CPU
	EndGlobalSection
	GlobalSection(SolutionProperties) = preSolution
		HideSolutionNode = FALSE
	EndGlobalSection
	GlobalSection(ExtensibilityGlobals) = postSolution
		SolutionGuid = {A01B40DB-E695-4839-98C6-4294C016B36F}
	EndGlobalSection
EndGlobal
